
Microsoft Visual Studio Solution File, Format Version 12.00
# Visual Studio 2013
VisualStudioVersion = 12.0.40629.0
MinimumVisualStudioVersion = 10.0.40219.1
Project("{FAE04EC0-301F-11D3-BF4B-00C04F79EFBC}") = "Windows Forms", "HIS_Manager\Windows Forms.csproj", "{073A82C3-16B6-40F0-93DF-9227094B57DD}"
EndProject
Project("{2150E333-8FDC-42A3-9474-1A3956D46DE8}") = "Presentation", "Presentation", "{F9A6DD05-7561-4C3E-935E-3EEBE707CFD5}"
EndProject
Project("{2150E333-8FDC-42A3-9474-1A3956D46DE8}") = "Application", "Application", "{C8114C33-403A-4323-877B-344EBB410E4F}"
EndProject
Project("{2150E333-8FDC-42A3-9474-1A3956D46DE8}") = "Data", "Data", "{F95EE0B4-30F2-425F-BF82-F9A4E6D966CD}"
EndProject
Project("{2150E333-8FDC-42A3-9474-1A3956D46DE8}") = "UI", "UI", "{3D08D5E6-864C-40C6-A7EE-6FCB80809BD4}"
EndProject
Project("{2150E333-8FDC-42A3-9474-1A3956D46DE8}") = "Logic", "Logic", "{D037772D-A87F-4D63-8155-7793B73C37A3}"
EndProject
Project("{2150E333-8FDC-42A3-9474-1A3956D46DE8}") = ".nuget", ".nuget", "{35338A1A-A846-406B-AABC-AC64290DB866}"
	ProjectSection(SolutionItems) = preProject
		.nuget\NuGet.Config = .nuget\NuGet.Config
		.nuget\NuGet.exe = .nuget\NuGet.exe
		.nuget\NuGet.targets = .nuget\NuGet.targets
	EndProjectSection
EndProject
Project("{FAE04EC0-301F-11D3-BF4B-00C04F79EFBC}") = "Presenter", "Presenter\Presenter.csproj", "{3E9ED676-3E4C-4C29-BC08-D7D856D08CEA}"
EndProject
Project("{FAE04EC0-301F-11D3-BF4B-00C04F79EFBC}") = "Business Entities", "Business Entities\Business Entities.csproj", "{FDBB4EAF-7CB8-47BC-8B02-12C00DB5B560}"
EndProject
Project("{FAE04EC0-301F-11D3-BF4B-00C04F79EFBC}") = "Presentation Models", "Presentation Models\Presentation Models.csproj", "{9B2955C4-FA1A-4986-A8CA-8DFF88AC5DE6}"
EndProject
Project("{2150E333-8FDC-42A3-9474-1A3956D46DE8}") = "Service", "Service", "{B1D11C46-5B93-4687-B1CF-2BFA7BDC6E3C}"
EndProject
Project("{FAE04EC0-301F-11D3-BF4B-00C04F79EFBC}") = "Data Access", "Data Access\Data Access.csproj", "{8422FAF0-0C10-4168-8E9B-440D4E868C08}"
EndProject
Global
	GlobalSection(SolutionConfigurationPlatforms) = preSolution
		Debug|Any CPU = Debug|Any CPU
		Release|Any CPU = Release|Any CPU
	EndGlobalSection
	GlobalSection(ProjectConfigurationPlatforms) = postSolution
		{073A82C3-16B6-40F0-93DF-9227094B57DD}.Debug|Any CPU.ActiveCfg = Debug|Any CPU
		{073A82C3-16B6-40F0-93DF-9227094B57DD}.Debug|Any CPU.Build.0 = Debug|Any CPU
		{073A82C3-16B6-40F0-93DF-9227094B57DD}.Release|Any CPU.ActiveCfg = Release|Any CPU
		{073A82C3-16B6-40F0-93DF-9227094B57DD}.Release|Any CPU.Build.0 = Release|Any CPU
		{3E9ED676-3E4C-4C29-BC08-D7D856D08CEA}.Debug|Any CPU.ActiveCfg = Debug|Any CPU
		{3E9ED676-3E4C-4C29-BC08-D7D856D08CEA}.Debug|Any CPU.Build.0 = Debug|Any CPU
		{3E9ED676-3E4C-4C29-BC08-D7D856D08CEA}.Release|Any CPU.ActiveCfg = Release|Any CPU
		{3E9ED676-3E4C-4C29-BC08-D7D856D08CEA}.Release|Any CPU.Build.0 = Release|Any CPU
		{FDBB4EAF-7CB8-47BC-8B02-12C00DB5B560}.Debug|Any CPU.ActiveCfg = Debug|Any CPU
		{FDBB4EAF-7CB8-47BC-8B02-12C00DB5B560}.Debug|Any CPU.Build.0 = Debug|Any CPU
		{FDBB4EAF-7CB8-47BC-8B02-12C00DB5B560}.Release|Any CPU.ActiveCfg = Release|Any CPU
		{FDBB4EAF-7CB8-47BC-8B02-12C00DB5B560}.Release|Any CPU.Build.0 = Release|Any CPU
		{9B2955C4-FA1A-4986-A8CA-8DFF88AC5DE6}.Debug|Any CPU.ActiveCfg = Debug|Any CPU
		{9B2955C4-FA1A-4986-A8CA-8DFF88AC5DE6}.Debug|Any CPU.Build.0 = Debug|Any CPU
		{9B2955C4-FA1A-4986-A8CA-8DFF88AC5DE6}.Release|Any CPU.ActiveCfg = Release|Any CPU
		{9B2955C4-FA1A-4986-A8CA-8DFF88AC5DE6}.Release|Any CPU.Build.0 = Release|Any CPU
		{8422FAF0-0C10-4168-8E9B-440D4E868C08}.Debug|Any CPU.ActiveCfg = Debug|Any CPU
		{8422FAF0-0C10-4168-8E9B-440D4E868C08}.Debug|Any CPU.Build.0 = Debug|Any CPU
		{8422FAF0-0C10-4168-8E9B-440D4E868C08}.Release|Any CPU.ActiveCfg = Release|Any CPU
		{8422FAF0-0C10-4168-8E9B-440D4E868C08}.Release|Any CPU.Build.0 = Release|Any CPU
	EndGlobalSection
	GlobalSection(SolutionProperties) = preSolution
		HideSolutionNode = FALSE
	EndGlobalSection
	GlobalSection(NestedProjects) = preSolution
		{073A82C3-16B6-40F0-93DF-9227094B57DD} = {3D08D5E6-864C-40C6-A7EE-6FCB80809BD4}
		{3D08D5E6-864C-40C6-A7EE-6FCB80809BD4} = {F9A6DD05-7561-4C3E-935E-3EEBE707CFD5}
		{D037772D-A87F-4D63-8155-7793B73C37A3} = {F9A6DD05-7561-4C3E-935E-3EEBE707CFD5}
		{3E9ED676-3E4C-4C29-BC08-D7D856D08CEA} = {D037772D-A87F-4D63-8155-7793B73C37A3}
		{FDBB4EAF-7CB8-47BC-8B02-12C00DB5B560} = {C8114C33-403A-4323-877B-344EBB410E4F}
		{9B2955C4-FA1A-4986-A8CA-8DFF88AC5DE6} = {F9A6DD05-7561-4C3E-935E-3EEBE707CFD5}
		{8422FAF0-0C10-4168-8E9B-440D4E868C08} = {F95EE0B4-30F2-425F-BF82-F9A4E6D966CD}
	EndGlobalSection
EndGlobal
